
Microsoft Visual Studio Solution File, Format Version 12.00
# Visual Studio Version 16
VisualStudioVersion = 16.0.31220.234
MinimumVisualStudioVersion = 10.0.40219.1
Project("{FAE04EC0-301F-11D3-BF4B-00C04F79EFBC}") = "FileUploader", "FileUploader\FileUploader.csproj", "{650397F8-D1B1-4EFF-951E-3D807821403B}"
EndProject
Project("{9A19103F-16F7-4668-BE54-9A1E7A4F7556}") = "FileUploader.Server", "..\FileUploader.Server\FileUploader.Server.csproj", "{821855C9-94D4-4EB8-9467-9165F23F486E}"
EndProject
Project("{FAE04EC0-301F-11D3-BF4B-00C04F79EFBC}") = "FileUploader.Shared", "FileUploader.Shared\FileUploader.Shared.csproj", "{3D05A600-392E-4CED-9E02-2DCC8EC42E8D}"
EndProject
Global
	GlobalSection(SolutionConfigurationPlatforms) = preSolution
		Debug|Any CPU = Debug|Any CPU
		Release|Any CPU = Release|Any CPU
	EndGlobalSection
	GlobalSection(ProjectConfigurationPlatforms) = postSolution
		{650397F8-D1B1-4EFF-951E-3D807821403B}.Debug|Any CPU.ActiveCfg = Debug|Any CPU
		{650397F8-D1B1-4EFF-951E-3D807821403B}.Debug|Any CPU.Build.0 = Debug|Any CPU
		{650397F8-D1B1-4EFF-951E-3D807821403B}.Release|Any CPU.ActiveCfg = Release|Any CPU
		{650397F8-D1B1-4EFF-951E-3D807821403B}.Release|Any CPU.Build.0 = Release|Any CPU
		{821855C9-94D4-4EB8-9467-9165F23F486E}.Debug|Any CPU.ActiveCfg = Debug|Any CPU
		{821855C9-94D4-4EB8-9467-9165F23F486E}.Debug|Any CPU.Build.0 = Debug|Any CPU
		{821855C9-94D4-4EB8-9467-9165F23F486E}.Release|Any CPU.ActiveCfg = Release|Any CPU
		{821855C9-94D4-4EB8-9467-9165F23F486E}.Release|Any CPU.Build.0 = Release|Any CPU
		{3D05A600-392E-4CED-9E02-2DCC8EC42E8D}.Debug|Any CPU.ActiveCfg = Debug|Any CPU
		{3D05A600-392E-4CED-9E02-2DCC8EC42E8D}.Debug|Any CPU.Build.0 = Debug|Any CPU
		{3D05A600-392E-4CED-9E02-2DCC8EC42E8D}.Release|Any CPU.ActiveCfg = Release|Any CPU
		{3D05A600-392E-4CED-9E02-2DCC8EC42E8D}.Release|Any CPU.Build.0 = Release|Any CPU
	EndGlobalSection
	GlobalSection(SolutionProperties) = preSolution
		HideSolutionNode = FALSE
	EndGlobalSection
	GlobalSection(ExtensibilityGlobals) = postSolution
		SolutionGuid = {5B3A0B38-1400-4C47-8F8B-F65D737AC69D}
	EndGlobalSection
EndGlobal
