
Microsoft Visual Studio Solution File, Format Version 12.00
# Visual Studio Version 16
VisualStudioVersion = 16.0.31220.234
MinimumVisualStudioVersion = 10.0.40219.1
Project("{9A19103F-16F7-4668-BE54-9A1E7A4F7556}") = "AzureSqlEfcore", "AzureSqlEfcore\AzureSqlEfcore.csproj", "{F9AD6010-2440-4CE4-928C-919F95CB7527}"
EndProject
Project("{FAE04EC0-301F-11D3-BF4B-00C04F79EFBC}") = "DemoDataGenerator", "DemoDataGenerator\DemoDataGenerator.csproj", "{F272109A-D1A7-4E7E-97CE-47C897A81EDF}"
EndProject
Global
	GlobalSection(SolutionConfigurationPlatforms) = preSolution
		Debug|Any CPU = Debug|Any CPU
		Release|Any CPU = Release|Any CPU
	EndGlobalSection
	GlobalSection(ProjectConfigurationPlatforms) = postSolution
		{F9AD6010-2440-4CE4-928C-919F95CB7527}.Debug|Any CPU.ActiveCfg = Debug|Any CPU
		{F9AD6010-2440-4CE4-928C-919F95CB7527}.Debug|Any CPU.Build.0 = Debug|Any CPU
		{F9AD6010-2440-4CE4-928C-919F95CB7527}.Release|Any CPU.ActiveCfg = Release|Any CPU
		{F9AD6010-2440-4CE4-928C-919F95CB7527}.Release|Any CPU.Build.0 = Release|Any CPU
		{F272109A-D1A7-4E7E-97CE-47C897A81EDF}.Debug|Any CPU.ActiveCfg = Debug|Any CPU
		{F272109A-D1A7-4E7E-97CE-47C897A81EDF}.Debug|Any CPU.Build.0 = Debug|Any CPU
		{F272109A-D1A7-4E7E-97CE-47C897A81EDF}.Release|Any CPU.ActiveCfg = Release|Any CPU
		{F272109A-D1A7-4E7E-97CE-47C897A81EDF}.Release|Any CPU.Build.0 = Release|Any CPU
	EndGlobalSection
	GlobalSection(SolutionProperties) = preSolution
		HideSolutionNode = FALSE
	EndGlobalSection
	GlobalSection(ExtensibilityGlobals) = postSolution
		SolutionGuid = {9C1E93A2-3CBD-4EBC-85EB-FF17F2800345}
	EndGlobalSection
EndGlobal
